
Microsoft Visual Studio Solution File, Format Version 12.00
# Visual Studio 15
VisualStudioVersion = 15.0.27428.2015
MinimumVisualStudioVersion = 10.0.40219.1
Project("{FAE04EC0-301F-11D3-BF4B-00C04F79EFBC}") = "ExcelProcessApp", "ExcelProcessApp\ExcelProcessApp.csproj", "{F0342CB0-1A55-4556-83BB-B0F3D7F753F9}"
EndProject
Global
	GlobalSection(SolutionConfigurationPlatforms) = preSolution
		Debug|Any CPU = Debug|Any CPU
		Release|Any CPU = Release|Any CPU
	EndGlobalSection
	GlobalSection(ProjectConfigurationPlatforms) = postSolution
		{F0342CB0-1A55-4556-83BB-B0F3D7F753F9}.Debug|Any CPU.ActiveCfg = Debug|Any CPU
		{F0342CB0-1A55-4556-83BB-B0F3D7F753F9}.Debug|Any CPU.Build.0 = Debug|Any CPU
		{F0342CB0-1A55-4556-83BB-B0F3D7F753F9}.Release|Any CPU.ActiveCfg = Release|Any CPU
		{F0342CB0-1A55-4556-83BB-B0F3D7F753F9}.Release|Any CPU.Build.0 = Release|Any CPU
	EndGlobalSection
	GlobalSection(SolutionProperties) = preSolution
		HideSolutionNode = FALSE
	EndGlobalSection
	GlobalSection(ExtensibilityGlobals) = postSolution
		SolutionGuid = {F356F7CC-B4D6-44B2-830B-01CC888D41CD}
	EndGlobalSection
EndGlobal
